// !$*UTF8*$!
{
	archiveVersion = 1;
	classes = {
	};
	objectVersion = 77;
	objects = {

/* Begin PBXBuildFile section */
		9021143A2CFF81E0002DDFF2 /* GoogleService-Info.plist in Resources */ = {isa = PBXBuildFile; fileRef = 902114392CFF81E0002DDFF2 /* GoogleService-Info.plist */; };
		9021143D2CFF825F002DDFF2 /* FirebaseAuth in Frameworks */ = {isa = PBXBuildFile; productRef = 9021143C2CFF825F002DDFF2 /* FirebaseAuth */; };
		9021143F2CFF825F002DDFF2 /* FirebaseFirestore in Frameworks */ = {isa = PBXBuildFile; productRef = 9021143E2CFF825F002DDFF2 /* FirebaseFirestore */; };
		902114412CFF825F002DDFF2 /* FirebaseStorage in Frameworks */ = {isa = PBXBuildFile; productRef = 902114402CFF825F002DDFF2 /* FirebaseStorage */; };
		906BB0032D019A6900F62E4F /* ContentView.swift in Sources */ = {isa = PBXBuildFile; fileRef = 906BAFFA2D019A6900F62E4F /* ContentView.swift */; };
		906BB0042D019A6900F62E4F /* GroceryView.swift in Sources */ = {isa = PBXBuildFile; fileRef = 906BAFFB2D019A6900F62E4F /* GroceryView.swift */; };
		906BB0052D019A6900F62E4F /* ItemDetailView.swift in Sources */ = {isa = PBXBuildFile; fileRef = 906BAFFC2D019A6900F62E4F /* ItemDetailView.swift */; };
		906BB0062D019A6900F62E4F /* LoginView.swift in Sources */ = {isa = PBXBuildFile; fileRef = 906BAFFD2D019A6900F62E4F /* LoginView.swift */; };
		906BB0072D019A6900F62E4F /* PantryView.swift in Sources */ = {isa = PBXBuildFile; fileRef = 906BAFFE2D019A6900F62E4F /* PantryView.swift */; };
		906BB0082D019A6900F62E4F /* ProfileView.swift in Sources */ = {isa = PBXBuildFile; fileRef = 906BAFFF2D019A6900F62E4F /* ProfileView.swift */; };
		906BB0092D019A6900F62E4F /* RecipeBytes_iOSApp.swift in Sources */ = {isa = PBXBuildFile; fileRef = 906BB0002D019A6900F62E4F /* RecipeBytes_iOSApp.swift */; };
		906BB00A2D019A6900F62E4F /* RecipeView.swift in Sources */ = {isa = PBXBuildFile; fileRef = 906BB0012D019A6900F62E4F /* RecipeView.swift */; };
		906BB00E2D01A27800F62E4F /* RecipeDetailView.swift in Sources */ = {isa = PBXBuildFile; fileRef = 906BB00D2D01A27700F62E4F /* RecipeDetailView.swift */; };
		908202B32CFC2602002C77CF /* Preview Assets.xcassets in Resources */ = {isa = PBXBuildFile; fileRef = 908202A82CFC2602002C77CF /* Preview Assets.xcassets */; };
		908202B42CFC2602002C77CF /* Assets.xcassets in Resources */ = {isa = PBXBuildFile; fileRef = 908202AA2CFC2602002C77CF /* Assets.xcassets */; };
		909313752CFE2DEB00B5E54A /* PatrickHandSC-Regular.ttf in Resources */ = {isa = PBXBuildFile; fileRef = 909313742CFE2DEB00B5E54A /* PatrickHandSC-Regular.ttf */; };
		909313792CFE846E00B5E54A /* CustomStyle.swift in Sources */ = {isa = PBXBuildFile; fileRef = 909313782CFE846E00B5E54A /* CustomStyle.swift */; };
/* End PBXBuildFile section */

/* Begin PBXFileReference section */
		902114392CFF81E0002DDFF2 /* GoogleService-Info.plist */ = {isa = PBXFileReference; lastKnownFileType = text.plist.xml; path = "GoogleService-Info.plist"; sourceTree = "<group>"; };
		906606B22CF53610006C7A72 /* RecipeBytes-iOS.app */ = {isa = PBXFileReference; explicitFileType = wrapper.application; includeInIndex = 0; path = "RecipeBytes-iOS.app"; sourceTree = BUILT_PRODUCTS_DIR; };
		906BAFFA2D019A6900F62E4F /* ContentView.swift */ = {isa = PBXFileReference; lastKnownFileType = sourcecode.swift; path = ContentView.swift; sourceTree = "<group>"; };
		906BAFFB2D019A6900F62E4F /* GroceryView.swift */ = {isa = PBXFileReference; lastKnownFileType = sourcecode.swift; path = GroceryView.swift; sourceTree = "<group>"; };
		906BAFFC2D019A6900F62E4F /* ItemDetailView.swift */ = {isa = PBXFileReference; lastKnownFileType = sourcecode.swift; path = ItemDetailView.swift; sourceTree = "<group>"; };
		906BAFFD2D019A6900F62E4F /* LoginView.swift */ = {isa = PBXFileReference; lastKnownFileType = sourcecode.swift; path = LoginView.swift; sourceTree = "<group>"; };
		906BAFFE2D019A6900F62E4F /* PantryView.swift */ = {isa = PBXFileReference; lastKnownFileType = sourcecode.swift; path = PantryView.swift; sourceTree = "<group>"; };
		906BAFFF2D019A6900F62E4F /* ProfileView.swift */ = {isa = PBXFileReference; lastKnownFileType = sourcecode.swift; path = ProfileView.swift; sourceTree = "<group>"; };
		906BB0002D019A6900F62E4F /* RecipeBytes_iOSApp.swift */ = {isa = PBXFileReference; lastKnownFileType = sourcecode.swift; path = RecipeBytes_iOSApp.swift; sourceTree = "<group>"; };
		906BB0012D019A6900F62E4F /* RecipeView.swift */ = {isa = PBXFileReference; lastKnownFileType = sourcecode.swift; path = RecipeView.swift; sourceTree = "<group>"; };
		906BB00D2D01A27700F62E4F /* RecipeDetailView.swift */ = {isa = PBXFileReference; lastKnownFileType = sourcecode.swift; path = RecipeDetailView.swift; sourceTree = "<group>"; };
		908202A82CFC2602002C77CF /* Preview Assets.xcassets */ = {isa = PBXFileReference; lastKnownFileType = folder.assetcatalog; path = "Preview Assets.xcassets"; sourceTree = "<group>"; };
		908202AA2CFC2602002C77CF /* Assets.xcassets */ = {isa = PBXFileReference; lastKnownFileType = folder.assetcatalog; path = Assets.xcassets; sourceTree = "<group>"; };
		909313732CFE2DDD00B5E54A /* Info.plist */ = {isa = PBXFileReference; lastKnownFileType = text.plist; path = Info.plist; sourceTree = "<group>"; };
		909313742CFE2DEB00B5E54A /* PatrickHandSC-Regular.ttf */ = {isa = PBXFileReference; lastKnownFileType = file; path = "PatrickHandSC-Regular.ttf"; sourceTree = "<group>"; };
		909313782CFE846E00B5E54A /* CustomStyle.swift */ = {isa = PBXFileReference; lastKnownFileType = sourcecode.swift; path = CustomStyle.swift; sourceTree = "<group>"; };
/* End PBXFileReference section */

/* Begin PBXFileSystemSynchronizedRootGroup section */
		906BAF892D00179700F62E4F /* View Models */ = {
			isa = PBXFileSystemSynchronizedRootGroup;
			path = "View Models";
			sourceTree = "<group>";
		};
		906BAFF82D019A2000F62E4F /* Models */ = {
			isa = PBXFileSystemSynchronizedRootGroup;
			path = Models;
			sourceTree = "<group>";
		};
/* End PBXFileSystemSynchronizedRootGroup section */

/* Begin PBXFrameworksBuildPhase section */
		906606AF2CF53610006C7A72 /* Frameworks */ = {
			isa = PBXFrameworksBuildPhase;
			buildActionMask = 2147483647;
			files = (
				9021143D2CFF825F002DDFF2 /* FirebaseAuth in Frameworks */,
				9021143F2CFF825F002DDFF2 /* FirebaseFirestore in Frameworks */,
				902114412CFF825F002DDFF2 /* FirebaseStorage in Frameworks */,
			);
			runOnlyForDeploymentPostprocessing = 0;
		};
/* End PBXFrameworksBuildPhase section */

/* Begin PBXGroup section */
		906606A92CF53610006C7A72 = {
			isa = PBXGroup;
			children = (
				908202AF2CFC2602002C77CF /* RecipeBytes-iOS */,
				9082029B2CFC254D002C77CF /* Frameworks */,
				906606B32CF53610006C7A72 /* Products */,
			);
			sourceTree = "<group>";
		};
		906606B32CF53610006C7A72 /* Products */ = {
			isa = PBXGroup;
			children = (
				906606B22CF53610006C7A72 /* RecipeBytes-iOS.app */,
			);
			name = Products;
			sourceTree = "<group>";
		};
		906BB0022D019A6900F62E4F /* Views */ = {
			isa = PBXGroup;
			children = (
				906BB0002D019A6900F62E4F /* RecipeBytes_iOSApp.swift */,
				906BAFFD2D019A6900F62E4F /* LoginView.swift */,
				906BAFFA2D019A6900F62E4F /* ContentView.swift */,
				906BB0012D019A6900F62E4F /* RecipeView.swift */,
				906BB00D2D01A27700F62E4F /* RecipeDetailView.swift */,
				906BAFFB2D019A6900F62E4F /* GroceryView.swift */,
				906BAFFE2D019A6900F62E4F /* PantryView.swift */,
				906BAFFC2D019A6900F62E4F /* ItemDetailView.swift */,
				906BAFFF2D019A6900F62E4F /* ProfileView.swift */,
			);
			path = Views;
			sourceTree = "<group>";
		};
		9082029B2CFC254D002C77CF /* Frameworks */ = {
			isa = PBXGroup;
			children = (
			);
			name = Frameworks;
			sourceTree = "<group>";
		};
		908202A92CFC2602002C77CF /* Preview Content */ = {
			isa = PBXGroup;
			children = (
				908202A82CFC2602002C77CF /* Preview Assets.xcassets */,
			);
			path = "Preview Content";
			sourceTree = "<group>";
		};
		908202AF2CFC2602002C77CF /* RecipeBytes-iOS */ = {
			isa = PBXGroup;
			children = (
				909313732CFE2DDD00B5E54A /* Info.plist */,
				906BB0022D019A6900F62E4F /* Views */,
				906BAF892D00179700F62E4F /* View Models */,
				906BAFF82D019A2000F62E4F /* Models */,
				909313782CFE846E00B5E54A /* CustomStyle.swift */,
				908202AA2CFC2602002C77CF /* Assets.xcassets */,
				909313742CFE2DEB00B5E54A /* PatrickHandSC-Regular.ttf */,
				902114392CFF81E0002DDFF2 /* GoogleService-Info.plist */,
				908202A92CFC2602002C77CF /* Preview Content */,
			);
			path = "RecipeBytes-iOS";
			sourceTree = "<group>";
		};
/* End PBXGroup section */

/* Begin PBXNativeTarget section */
		906606B12CF53610006C7A72 /* RecipeBytes-iOS */ = {
			isa = PBXNativeTarget;
			buildConfigurationList = 906606C02CF53613006C7A72 /* Build configuration list for PBXNativeTarget "RecipeBytes-iOS" */;
			buildPhases = (
				906606AE2CF53610006C7A72 /* Sources */,
				906606AF2CF53610006C7A72 /* Frameworks */,
				906606B02CF53610006C7A72 /* Resources */,
			);
			buildRules = (
			);
			dependencies = (
			);
			fileSystemSynchronizedGroups = (
				906BAF892D00179700F62E4F /* View Models */,
				906BAFF82D019A2000F62E4F /* Models */,
			);
			name = "RecipeBytes-iOS";
			packageProductDependencies = (
				9021143C2CFF825F002DDFF2 /* FirebaseAuth */,
				9021143E2CFF825F002DDFF2 /* FirebaseFirestore */,
				902114402CFF825F002DDFF2 /* FirebaseStorage */,
			);
			productName = "RecipeBytes-iOS";
			productReference = 906606B22CF53610006C7A72 /* RecipeBytes-iOS.app */;
			productType = "com.apple.product-type.application";
		};
/* End PBXNativeTarget section */

/* Begin PBXProject section */
		906606AA2CF53610006C7A72 /* Project object */ = {
			isa = PBXProject;
			attributes = {
				BuildIndependentTargetsInParallel = 1;
				LastSwiftUpdateCheck = 1610;
				LastUpgradeCheck = 1610;
				TargetAttributes = {
					906606B12CF53610006C7A72 = {
						CreatedOnToolsVersion = 16.1;
					};
				};
			};
			buildConfigurationList = 906606AD2CF53610006C7A72 /* Build configuration list for PBXProject "RecipeBytes-iOS" */;
			developmentRegion = en;
			hasScannedForEncodings = 0;
			knownRegions = (
				en,
				Base,
			);
			mainGroup = 906606A92CF53610006C7A72;
			minimizedProjectReferenceProxies = 1;
			packageReferences = (
				9021143B2CFF825F002DDFF2 /* XCRemoteSwiftPackageReference "firebase-ios-sdk" */,
			);
			preferredProjectObjectVersion = 77;
			productRefGroup = 906606B32CF53610006C7A72 /* Products */;
			projectDirPath = "";
			projectRoot = "";
			targets = (
				906606B12CF53610006C7A72 /* RecipeBytes-iOS */,
			);
		};
/* End PBXProject section */

/* Begin PBXResourcesBuildPhase section */
		906606B02CF53610006C7A72 /* Resources */ = {
			isa = PBXResourcesBuildPhase;
			buildActionMask = 2147483647;
			files = (
				908202B32CFC2602002C77CF /* Preview Assets.xcassets in Resources */,
				9021143A2CFF81E0002DDFF2 /* GoogleService-Info.plist in Resources */,
				908202B42CFC2602002C77CF /* Assets.xcassets in Resources */,
				909313752CFE2DEB00B5E54A /* PatrickHandSC-Regular.ttf in Resources */,
			);
			runOnlyForDeploymentPostprocessing = 0;
		};
/* End PBXResourcesBuildPhase section */

/* Begin PBXSourcesBuildPhase section */
		906606AE2CF53610006C7A72 /* Sources */ = {
			isa = PBXSourcesBuildPhase;
			buildActionMask = 2147483647;
			files = (
				906BB00E2D01A27800F62E4F /* RecipeDetailView.swift in Sources */,
				906BB0032D019A6900F62E4F /* ContentView.swift in Sources */,
				906BB0042D019A6900F62E4F /* GroceryView.swift in Sources */,
				906BB0052D019A6900F62E4F /* ItemDetailView.swift in Sources */,
				906BB0062D019A6900F62E4F /* LoginView.swift in Sources */,
				906BB0072D019A6900F62E4F /* PantryView.swift in Sources */,
				906BB0082D019A6900F62E4F /* ProfileView.swift in Sources */,
				906BB0092D019A6900F62E4F /* RecipeBytes_iOSApp.swift in Sources */,
				906BB00A2D019A6900F62E4F /* RecipeView.swift in Sources */,
				909313792CFE846E00B5E54A /* CustomStyle.swift in Sources */,
			);
			runOnlyForDeploymentPostprocessing = 0;
		};
/* End PBXSourcesBuildPhase section */

/* Begin XCBuildConfiguration section */
		906606BE2CF53613006C7A72 /* Debug */ = {
			isa = XCBuildConfiguration;
			buildSettings = {
				ALWAYS_SEARCH_USER_PATHS = NO;
				ASSETCATALOG_COMPILER_GENERATE_SWIFT_ASSET_SYMBOL_EXTENSIONS = YES;
				CLANG_ANALYZER_NONNULL = YES;
				CLANG_ANALYZER_NUMBER_OBJECT_CONVERSION = YES_AGGRESSIVE;
				CLANG_CXX_LANGUAGE_STANDARD = "gnu++20";
				CLANG_ENABLE_MODULES = YES;
				CLANG_ENABLE_OBJC_ARC = YES;
				CLANG_ENABLE_OBJC_WEAK = YES;
				CLANG_WARN_BLOCK_CAPTURE_AUTORELEASING = YES;
				CLANG_WARN_BOOL_CONVERSION = YES;
				CLANG_WARN_COMMA = YES;
				CLANG_WARN_CONSTANT_CONVERSION = YES;
				CLANG_WARN_DEPRECATED_OBJC_IMPLEMENTATIONS = YES;
				CLANG_WARN_DIRECT_OBJC_ISA_USAGE = YES_ERROR;
				CLANG_WARN_DOCUMENTATION_COMMENTS = YES;
				CLANG_WARN_EMPTY_BODY = YES;
				CLANG_WARN_ENUM_CONVERSION = YES;
				CLANG_WARN_INFINITE_RECURSION = YES;
				CLANG_WARN_INT_CONVERSION = YES;
				CLANG_WARN_NON_LITERAL_NULL_CONVERSION = YES;
				CLANG_WARN_OBJC_IMPLICIT_RETAIN_SELF = YES;
				CLANG_WARN_OBJC_LITERAL_CONVERSION = YES;
				CLANG_WARN_OBJC_ROOT_CLASS = YES_ERROR;
				CLANG_WARN_QUOTED_INCLUDE_IN_FRAMEWORK_HEADER = YES;
				CLANG_WARN_RANGE_LOOP_ANALYSIS = YES;
				CLANG_WARN_STRICT_PROTOTYPES = YES;
				CLANG_WARN_SUSPICIOUS_MOVE = YES;
				CLANG_WARN_UNGUARDED_AVAILABILITY = YES_AGGRESSIVE;
				CLANG_WARN_UNREACHABLE_CODE = YES;
				CLANG_WARN__DUPLICATE_METHOD_MATCH = YES;
				COPY_PHASE_STRIP = NO;
				DEBUG_INFORMATION_FORMAT = dwarf;
				ENABLE_STRICT_OBJC_MSGSEND = YES;
				ENABLE_TESTABILITY = YES;
				ENABLE_USER_SCRIPT_SANDBOXING = YES;
				GCC_C_LANGUAGE_STANDARD = gnu17;
				GCC_DYNAMIC_NO_PIC = NO;
				GCC_NO_COMMON_BLOCKS = YES;
				GCC_OPTIMIZATION_LEVEL = 0;
				GCC_PREPROCESSOR_DEFINITIONS = (
					"DEBUG=1",
					"$(inherited)",
				);
				GCC_WARN_64_TO_32_BIT_CONVERSION = YES;
				GCC_WARN_ABOUT_RETURN_TYPE = YES_ERROR;
				GCC_WARN_UNDECLARED_SELECTOR = YES;
				GCC_WARN_UNINITIALIZED_AUTOS = YES_AGGRESSIVE;
				GCC_WARN_UNUSED_FUNCTION = YES;
				GCC_WARN_UNUSED_VARIABLE = YES;
				IPHONEOS_DEPLOYMENT_TARGET = 18.1;
				LOCALIZATION_PREFERS_STRING_CATALOGS = YES;
				MTL_ENABLE_DEBUG_INFO = INCLUDE_SOURCE;
				MTL_FAST_MATH = YES;
				ONLY_ACTIVE_ARCH = YES;
				SDKROOT = iphoneos;
				SWIFT_ACTIVE_COMPILATION_CONDITIONS = "DEBUG $(inherited)";
				SWIFT_OPTIMIZATION_LEVEL = "-Onone";
			};
			name = Debug;
		};
		906606BF2CF53613006C7A72 /* Release */ = {
			isa = XCBuildConfiguration;
			buildSettings = {
				ALWAYS_SEARCH_USER_PATHS = NO;
				ASSETCATALOG_COMPILER_GENERATE_SWIFT_ASSET_SYMBOL_EXTENSIONS = YES;
				CLANG_ANALYZER_NONNULL = YES;
				CLANG_ANALYZER_NUMBER_OBJECT_CONVERSION = YES_AGGRESSIVE;
				CLANG_CXX_LANGUAGE_STANDARD = "gnu++20";
				CLANG_ENABLE_MODULES = YES;
				CLANG_ENABLE_OBJC_ARC = YES;
				CLANG_ENABLE_OBJC_WEAK = YES;
				CLANG_WARN_BLOCK_CAPTURE_AUTORELEASING = YES;
				CLANG_WARN_BOOL_CONVERSION = YES;
				CLANG_WARN_COMMA = YES;
				CLANG_WARN_CONSTANT_CONVERSION = YES;
				CLANG_WARN_DEPRECATED_OBJC_IMPLEMENTATIONS = YES;
				CLANG_WARN_DIRECT_OBJC_ISA_USAGE = YES_ERROR;
				CLANG_WARN_DOCUMENTATION_COMMENTS = YES;
				CLANG_WARN_EMPTY_BODY = YES;
				CLANG_WARN_ENUM_CONVERSION = YES;
				CLANG_WARN_INFINITE_RECURSION = YES;
				CLANG_WARN_INT_CONVERSION = YES;
				CLANG_WARN_NON_LITERAL_NULL_CONVERSION = YES;
				CLANG_WARN_OBJC_IMPLICIT_RETAIN_SELF = YES;
				CLANG_WARN_OBJC_LITERAL_CONVERSION = YES;
				CLANG_WARN_OBJC_ROOT_CLASS = YES_ERROR;
				CLANG_WARN_QUOTED_INCLUDE_IN_FRAMEWORK_HEADER = YES;
				CLANG_WARN_RANGE_LOOP_ANALYSIS = YES;
				CLANG_WARN_STRICT_PROTOTYPES = YES;
				CLANG_WARN_SUSPICIOUS_MOVE = YES;
				CLANG_WARN_UNGUARDED_AVAILABILITY = YES_AGGRESSIVE;
				CLANG_WARN_UNREACHABLE_CODE = YES;
				CLANG_WARN__DUPLICATE_METHOD_MATCH = YES;
				COPY_PHASE_STRIP = NO;
				DEBUG_INFORMATION_FORMAT = "dwarf-with-dsym";
				ENABLE_NS_ASSERTIONS = NO;
				ENABLE_STRICT_OBJC_MSGSEND = YES;
				ENABLE_USER_SCRIPT_SANDBOXING = YES;
				GCC_C_LANGUAGE_STANDARD = gnu17;
				GCC_NO_COMMON_BLOCKS = YES;
				GCC_WARN_64_TO_32_BIT_CONVERSION = YES;
				GCC_WARN_ABOUT_RETURN_TYPE = YES_ERROR;
				GCC_WARN_UNDECLARED_SELECTOR = YES;
				GCC_WARN_UNINITIALIZED_AUTOS = YES_AGGRESSIVE;
				GCC_WARN_UNUSED_FUNCTION = YES;
				GCC_WARN_UNUSED_VARIABLE = YES;
				IPHONEOS_DEPLOYMENT_TARGET = 18.1;
				LOCALIZATION_PREFERS_STRING_CATALOGS = YES;
				MTL_ENABLE_DEBUG_INFO = NO;
				MTL_FAST_MATH = YES;
				SDKROOT = iphoneos;
				SWIFT_COMPILATION_MODE = wholemodule;
				VALIDATE_PRODUCT = YES;
			};
			name = Release;
		};
		906606C12CF53613006C7A72 /* Debug */ = {
			isa = XCBuildConfiguration;
			buildSettings = {
				ASSETCATALOG_COMPILER_APPICON_NAME = AppIcon;
				ASSETCATALOG_COMPILER_GLOBAL_ACCENT_COLOR_NAME = AccentColor;
				CODE_SIGN_STYLE = Automatic;
				CURRENT_PROJECT_VERSION = 1;
				DEVELOPMENT_ASSET_PATHS = "\"RecipeBytes-iOS/Preview Content\"";
				DEVELOPMENT_TEAM = JM89T8TWA2;
				ENABLE_PREVIEWS = YES;
				GENERATE_INFOPLIST_FILE = YES;
				INFOPLIST_FILE = "RecipeBytes-iOS/Info.plist";
				INFOPLIST_KEY_CFBundleDisplayName = RecipeBytes;
				INFOPLIST_KEY_LSApplicationCategoryType = "";
				INFOPLIST_KEY_UIApplicationSceneManifest_Generation = YES;
				INFOPLIST_KEY_UIApplicationSupportsIndirectInputEvents = YES;
				INFOPLIST_KEY_UISupportedInterfaceOrientations_iPad = "UIInterfaceOrientationPortrait UIInterfaceOrientationPortraitUpsideDown UIInterfaceOrientationLandscapeLeft UIInterfaceOrientationLandscapeRight";
				INFOPLIST_KEY_UISupportedInterfaceOrientations_iPhone = "UIInterfaceOrientationPortrait UIInterfaceOrientationLandscapeLeft UIInterfaceOrientationLandscapeRight";
				LD_RUNPATH_SEARCH_PATHS = (
					"$(inherited)",
					"@executable_path/Frameworks",
				);
				MARKETING_VERSION = 1.0;
				PRODUCT_BUNDLE_IDENTIFIER = "com.hong.RecipeBytes-iOS";
				PRODUCT_NAME = "$(TARGET_NAME)";
				SWIFT_EMIT_LOC_STRINGS = YES;
				SWIFT_VERSION = 5.0;
				TARGETED_DEVICE_FAMILY = "1,2";
			};
			name = Debug;
		};
		906606C22CF53613006C7A72 /* Release */ = {
			isa = XCBuildConfiguration;
			buildSettings = {
				ASSETCATALOG_COMPILER_APPICON_NAME = AppIcon;
				ASSETCATALOG_COMPILER_GLOBAL_ACCENT_COLOR_NAME = AccentColor;
				CODE_SIGN_STYLE = Automatic;
				CURRENT_PROJECT_VERSION = 1;
				DEVELOPMENT_ASSET_PATHS = "\"RecipeBytes-iOS/Preview Content\"";
				DEVELOPMENT_TEAM = JM89T8TWA2;
				ENABLE_PREVIEWS = YES;
				GENERATE_INFOPLIST_FILE = YES;
				INFOPLIST_FILE = "RecipeBytes-iOS/Info.plist";
				INFOPLIST_KEY_CFBundleDisplayName = RecipeBytes;
				INFOPLIST_KEY_LSApplicationCategoryType = "";
				INFOPLIST_KEY_UIApplicationSceneManifest_Generation = YES;
				INFOPLIST_KEY_UIApplicationSupportsIndirectInputEvents = YES;
				INFOPLIST_KEY_UISupportedInterfaceOrientations_iPad = "UIInterfaceOrientationPortrait UIInterfaceOrientationPortraitUpsideDown UIInterfaceOrientationLandscapeLeft UIInterfaceOrientationLandscapeRight";
				INFOPLIST_KEY_UISupportedInterfaceOrientations_iPhone = "UIInterfaceOrientationPortrait UIInterfaceOrientationLandscapeLeft UIInterfaceOrientationLandscapeRight";
				LD_RUNPATH_SEARCH_PATHS = (
					"$(inherited)",
					"@executable_path/Frameworks",
				);
				MARKETING_VERSION = 1.0;
				PRODUCT_BUNDLE_IDENTIFIER = "com.hong.RecipeBytes-iOS";
				PRODUCT_NAME = "$(TARGET_NAME)";
				SWIFT_EMIT_LOC_STRINGS = YES;
				SWIFT_VERSION = 5.0;
				TARGETED_DEVICE_FAMILY = "1,2";
			};
			name = Release;
		};
/* End XCBuildConfiguration section */

/* Begin XCConfigurationList section */
		906606AD2CF53610006C7A72 /* Build configuration list for PBXProject "RecipeBytes-iOS" */ = {
			isa = XCConfigurationList;
			buildConfigurations = (
				906606BE2CF53613006C7A72 /* Debug */,
				906606BF2CF53613006C7A72 /* Release */,
			);
			defaultConfigurationIsVisible = 0;
			defaultConfigurationName = Release;
		};
		906606C02CF53613006C7A72 /* Build configuration list for PBXNativeTarget "RecipeBytes-iOS" */ = {
			isa = XCConfigurationList;
			buildConfigurations = (
				906606C12CF53613006C7A72 /* Debug */,
				906606C22CF53613006C7A72 /* Release */,
			);
			defaultConfigurationIsVisible = 0;
			defaultConfigurationName = Release;
		};
/* End XCConfigurationList section */

/* Begin XCRemoteSwiftPackageReference section */
		9021143B2CFF825F002DDFF2 /* XCRemoteSwiftPackageReference "firebase-ios-sdk" */ = {
			isa = XCRemoteSwiftPackageReference;
			repositoryURL = "https://github.com/firebase/firebase-ios-sdk.git";
			requirement = {
				kind = upToNextMajorVersion;
				minimumVersion = 11.6.0;
			};
		};
/* End XCRemoteSwiftPackageReference section */

/* Begin XCSwiftPackageProductDependency section */
		9021143C2CFF825F002DDFF2 /* FirebaseAuth */ = {
			isa = XCSwiftPackageProductDependency;
			package = 9021143B2CFF825F002DDFF2 /* XCRemoteSwiftPackageReference "firebase-ios-sdk" */;
			productName = FirebaseAuth;
		};
		9021143E2CFF825F002DDFF2 /* FirebaseFirestore */ = {
			isa = XCSwiftPackageProductDependency;
			package = 9021143B2CFF825F002DDFF2 /* XCRemoteSwiftPackageReference "firebase-ios-sdk" */;
			productName = FirebaseFirestore;
		};
		902114402CFF825F002DDFF2 /* FirebaseStorage */ = {
			isa = XCSwiftPackageProductDependency;
			package = 9021143B2CFF825F002DDFF2 /* XCRemoteSwiftPackageReference "firebase-ios-sdk" */;
			productName = FirebaseStorage;
		};
/* End XCSwiftPackageProductDependency section */
	};
	rootObject = 906606AA2CF53610006C7A72 /* Project object */;
}
